// !$*UTF8*$!
{
	archiveVersion = 1;
	classes = {
	};
	objectVersion = 51;
	objects = {

/* Begin PBXBuildFile section */
		7858576725CA2BB700C37A9A /* RootRouter.swift in Sources */ = {isa = PBXBuildFile; fileRef = 7858576325CA2BB700C37A9A /* RootRouter.swift */; };
		7858576825CA2BB700C37A9A /* RootViewController.swift in Sources */ = {isa = PBXBuildFile; fileRef = 7858576425CA2BB700C37A9A /* RootViewController.swift */; };
		7858576925CA2BB700C37A9A /* RootBuilder.swift in Sources */ = {isa = PBXBuildFile; fileRef = 7858576525CA2BB700C37A9A /* RootBuilder.swift */; };
		7858576A25CA2BB700C37A9A /* RootInteractor.swift in Sources */ = {isa = PBXBuildFile; fileRef = 7858576625CA2BB700C37A9A /* RootInteractor.swift */; };
		7858577025CA2D9000C37A9A /* AppComponent.swift in Sources */ = {isa = PBXBuildFile; fileRef = 7858576F25CA2D9000C37A9A /* AppComponent.swift */; };
		7858577D25CA34E400C37A9A /* LoggedInRouter.swift in Sources */ = {isa = PBXBuildFile; fileRef = 7858577825CA34E400C37A9A /* LoggedInRouter.swift */; };
		7858577E25CA34E400C37A9A /* LoggedInViewController.storyboard in Resources */ = {isa = PBXBuildFile; fileRef = 7858577925CA34E400C37A9A /* LoggedInViewController.storyboard */; };
		7858577F25CA34E400C37A9A /* LoggedInViewController.swift in Sources */ = {isa = PBXBuildFile; fileRef = 7858577A25CA34E400C37A9A /* LoggedInViewController.swift */; };
		7858578025CA34E400C37A9A /* LoggedInBuilder.swift in Sources */ = {isa = PBXBuildFile; fileRef = 7858577B25CA34E400C37A9A /* LoggedInBuilder.swift */; };
		7858578125CA34E400C37A9A /* LoggedInInteractor.swift in Sources */ = {isa = PBXBuildFile; fileRef = 7858577C25CA34E400C37A9A /* LoggedInInteractor.swift */; };
		7858578825CA34F100C37A9A /* LoggedOutRouter.swift in Sources */ = {isa = PBXBuildFile; fileRef = 7858578325CA34F100C37A9A /* LoggedOutRouter.swift */; };
		7858578925CA34F100C37A9A /* LoggedOutViewController.storyboard in Resources */ = {isa = PBXBuildFile; fileRef = 7858578425CA34F100C37A9A /* LoggedOutViewController.storyboard */; };
		7858578A25CA34F100C37A9A /* LoggedOutViewController.swift in Sources */ = {isa = PBXBuildFile; fileRef = 7858578525CA34F100C37A9A /* LoggedOutViewController.swift */; };
		7858578B25CA34F100C37A9A /* LoggedOutBuilder.swift in Sources */ = {isa = PBXBuildFile; fileRef = 7858578625CA34F100C37A9A /* LoggedOutBuilder.swift */; };
		7858578C25CA34F100C37A9A /* LoggedOutInteractor.swift in Sources */ = {isa = PBXBuildFile; fileRef = 7858578725CA34F100C37A9A /* LoggedOutInteractor.swift */; };
		7859E1BD25CA1F48001B0B01 /* AppDelegate.swift in Sources */ = {isa = PBXBuildFile; fileRef = 7859E1BC25CA1F48001B0B01 /* AppDelegate.swift */; };
		7859E1BF25CA1F48001B0B01 /* SceneDelegate.swift in Sources */ = {isa = PBXBuildFile; fileRef = 7859E1BE25CA1F48001B0B01 /* SceneDelegate.swift */; };
		7859E1C125CA1F48001B0B01 /* ViewController.swift in Sources */ = {isa = PBXBuildFile; fileRef = 7859E1C025CA1F48001B0B01 /* ViewController.swift */; };
		7859E1C425CA1F48001B0B01 /* Main.storyboard in Resources */ = {isa = PBXBuildFile; fileRef = 7859E1C225CA1F48001B0B01 /* Main.storyboard */; };
		7859E1C625CA1F4A001B0B01 /* Assets.xcassets in Resources */ = {isa = PBXBuildFile; fileRef = 7859E1C525CA1F4A001B0B01 /* Assets.xcassets */; };
		7859E1C925CA1F4A001B0B01 /* LaunchScreen.storyboard in Resources */ = {isa = PBXBuildFile; fileRef = 7859E1C725CA1F4A001B0B01 /* LaunchScreen.storyboard */; };
		7EA6201FD1E20423B6D9FD3E /* Pods_RIBsSample.framework in Frameworks */ = {isa = PBXBuildFile; fileRef = DF2913568FBD69FD48FBD0B5 /* Pods_RIBsSample.framework */; };
/* End PBXBuildFile section */

/* Begin PBXFileReference section */
		00F88C3DA252A791C96D3119 /* Pods-RIBsSample.release.xcconfig */ = {isa = PBXFileReference; includeInIndex = 1; lastKnownFileType = text.xcconfig; name = "Pods-RIBsSample.release.xcconfig"; path = "Target Support Files/Pods-RIBsSample/Pods-RIBsSample.release.xcconfig"; sourceTree = "<group>"; };
		7858576325CA2BB700C37A9A /* RootRouter.swift */ = {isa = PBXFileReference; lastKnownFileType = sourcecode.swift; path = RootRouter.swift; sourceTree = "<group>"; };
		7858576425CA2BB700C37A9A /* RootViewController.swift */ = {isa = PBXFileReference; lastKnownFileType = sourcecode.swift; path = RootViewController.swift; sourceTree = "<group>"; };
		7858576525CA2BB700C37A9A /* RootBuilder.swift */ = {isa = PBXFileReference; lastKnownFileType = sourcecode.swift; path = RootBuilder.swift; sourceTree = "<group>"; };
		7858576625CA2BB700C37A9A /* RootInteractor.swift */ = {isa = PBXFileReference; lastKnownFileType = sourcecode.swift; path = RootInteractor.swift; sourceTree = "<group>"; };
		7858576F25CA2D9000C37A9A /* AppComponent.swift */ = {isa = PBXFileReference; fileEncoding = 4; lastKnownFileType = sourcecode.swift; path = AppComponent.swift; sourceTree = "<group>"; };
		7858577825CA34E400C37A9A /* LoggedInRouter.swift */ = {isa = PBXFileReference; lastKnownFileType = sourcecode.swift; path = LoggedInRouter.swift; sourceTree = "<group>"; };
		7858577925CA34E400C37A9A /* LoggedInViewController.storyboard */ = {isa = PBXFileReference; lastKnownFileType = file.storyboard; path = LoggedInViewController.storyboard; sourceTree = "<group>"; };
		7858577A25CA34E400C37A9A /* LoggedInViewController.swift */ = {isa = PBXFileReference; lastKnownFileType = sourcecode.swift; path = LoggedInViewController.swift; sourceTree = "<group>"; };
		7858577B25CA34E400C37A9A /* LoggedInBuilder.swift */ = {isa = PBXFileReference; lastKnownFileType = sourcecode.swift; path = LoggedInBuilder.swift; sourceTree = "<group>"; };
		7858577C25CA34E400C37A9A /* LoggedInInteractor.swift */ = {isa = PBXFileReference; lastKnownFileType = sourcecode.swift; path = LoggedInInteractor.swift; sourceTree = "<group>"; };
		7858578325CA34F100C37A9A /* LoggedOutRouter.swift */ = {isa = PBXFileReference; lastKnownFileType = sourcecode.swift; path = LoggedOutRouter.swift; sourceTree = "<group>"; };
		7858578425CA34F100C37A9A /* LoggedOutViewController.storyboard */ = {isa = PBXFileReference; lastKnownFileType = file.storyboard; path = LoggedOutViewController.storyboard; sourceTree = "<group>"; };
		7858578525CA34F100C37A9A /* LoggedOutViewController.swift */ = {isa = PBXFileReference; lastKnownFileType = sourcecode.swift; path = LoggedOutViewController.swift; sourceTree = "<group>"; };
		7858578625CA34F100C37A9A /* LoggedOutBuilder.swift */ = {isa = PBXFileReference; lastKnownFileType = sourcecode.swift; path = LoggedOutBuilder.swift; sourceTree = "<group>"; };
		7858578725CA34F100C37A9A /* LoggedOutInteractor.swift */ = {isa = PBXFileReference; lastKnownFileType = sourcecode.swift; path = LoggedOutInteractor.swift; sourceTree = "<group>"; };
		7859E1B925CA1F48001B0B01 /* RIBsSample.app */ = {isa = PBXFileReference; explicitFileType = wrapper.application; includeInIndex = 0; path = RIBsSample.app; sourceTree = BUILT_PRODUCTS_DIR; };
		7859E1BC25CA1F48001B0B01 /* AppDelegate.swift */ = {isa = PBXFileReference; lastKnownFileType = sourcecode.swift; path = AppDelegate.swift; sourceTree = "<group>"; };
		7859E1BE25CA1F48001B0B01 /* SceneDelegate.swift */ = {isa = PBXFileReference; lastKnownFileType = sourcecode.swift; path = SceneDelegate.swift; sourceTree = "<group>"; };
		7859E1C025CA1F48001B0B01 /* ViewController.swift */ = {isa = PBXFileReference; lastKnownFileType = sourcecode.swift; path = ViewController.swift; sourceTree = "<group>"; };
		7859E1C325CA1F48001B0B01 /* Base */ = {isa = PBXFileReference; lastKnownFileType = file.storyboard; name = Base; path = Base.lproj/Main.storyboard; sourceTree = "<group>"; };
		7859E1C525CA1F4A001B0B01 /* Assets.xcassets */ = {isa = PBXFileReference; lastKnownFileType = folder.assetcatalog; path = Assets.xcassets; sourceTree = "<group>"; };
		7859E1C825CA1F4A001B0B01 /* Base */ = {isa = PBXFileReference; lastKnownFileType = file.storyboard; name = Base; path = Base.lproj/LaunchScreen.storyboard; sourceTree = "<group>"; };
		7859E1CA25CA1F4A001B0B01 /* Info.plist */ = {isa = PBXFileReference; lastKnownFileType = text.plist.xml; path = Info.plist; sourceTree = "<group>"; };
		DCBDACE5B2A25B31FF35D557 /* Pods-RIBsSample.debug.xcconfig */ = {isa = PBXFileReference; includeInIndex = 1; lastKnownFileType = text.xcconfig; name = "Pods-RIBsSample.debug.xcconfig"; path = "Target Support Files/Pods-RIBsSample/Pods-RIBsSample.debug.xcconfig"; sourceTree = "<group>"; };
		DF2913568FBD69FD48FBD0B5 /* Pods_RIBsSample.framework */ = {isa = PBXFileReference; explicitFileType = wrapper.framework; includeInIndex = 0; path = Pods_RIBsSample.framework; sourceTree = BUILT_PRODUCTS_DIR; };
/* End PBXFileReference section */

/* Begin PBXFrameworksBuildPhase section */
		7859E1B625CA1F48001B0B01 /* Frameworks */ = {
			isa = PBXFrameworksBuildPhase;
			buildActionMask = 2147483647;
			files = (
				7EA6201FD1E20423B6D9FD3E /* Pods_RIBsSample.framework in Frameworks */,
			);
			runOnlyForDeploymentPostprocessing = 0;
		};
/* End PBXFrameworksBuildPhase section */

/* Begin PBXGroup section */
		046A69A10C28891961223079 /* Pods */ = {
			isa = PBXGroup;
			children = (
				DCBDACE5B2A25B31FF35D557 /* Pods-RIBsSample.debug.xcconfig */,
				00F88C3DA252A791C96D3119 /* Pods-RIBsSample.release.xcconfig */,
			);
			path = Pods;
			sourceTree = "<group>";
		};
		7858576225CA2BA000C37A9A /* Root */ = {
			isa = PBXGroup;
			children = (
				7858576325CA2BB700C37A9A /* RootRouter.swift */,
				7858576425CA2BB700C37A9A /* RootViewController.swift */,
				7858576525CA2BB700C37A9A /* RootBuilder.swift */,
				7858576625CA2BB700C37A9A /* RootInteractor.swift */,
			);
			path = Root;
			sourceTree = "<group>";
		};
		7858577625CA34D500C37A9A /* LoggedIn */ = {
			isa = PBXGroup;
			children = (
				7858577825CA34E400C37A9A /* LoggedInRouter.swift */,
				7858577925CA34E400C37A9A /* LoggedInViewController.storyboard */,
				7858577A25CA34E400C37A9A /* LoggedInViewController.swift */,
				7858577B25CA34E400C37A9A /* LoggedInBuilder.swift */,
				7858577C25CA34E400C37A9A /* LoggedInInteractor.swift */,
			);
			path = LoggedIn;
			sourceTree = "<group>";
		};
		7858577725CA34D500C37A9A /* LoggedOut */ = {
			isa = PBXGroup;
			children = (
				7858578325CA34F100C37A9A /* LoggedOutRouter.swift */,
				7858578425CA34F100C37A9A /* LoggedOutViewController.storyboard */,
				7858578525CA34F100C37A9A /* LoggedOutViewController.swift */,
				7858578625CA34F100C37A9A /* LoggedOutBuilder.swift */,
				7858578725CA34F100C37A9A /* LoggedOutInteractor.swift */,
			);
			path = LoggedOut;
			sourceTree = "<group>";
		};
		7859E1B025CA1F48001B0B01 = {
			isa = PBXGroup;
			children = (
				7859E1BB25CA1F48001B0B01 /* RIBsSample */,
				7859E1BA25CA1F48001B0B01 /* Products */,
				046A69A10C28891961223079 /* Pods */,
				C3E15828D0E8DC83412912FA /* Frameworks */,
			);
			sourceTree = "<group>";
		};
		7859E1BA25CA1F48001B0B01 /* Products */ = {
			isa = PBXGroup;
			children = (
				7859E1B925CA1F48001B0B01 /* RIBsSample.app */,
			);
			name = Products;
			sourceTree = "<group>";
		};
		7859E1BB25CA1F48001B0B01 /* RIBsSample */ = {
			isa = PBXGroup;
			children = (
				7858577625CA34D500C37A9A /* LoggedIn */,
				7858577725CA34D500C37A9A /* LoggedOut */,
				7858576225CA2BA000C37A9A /* Root */,
				7859E1BC25CA1F48001B0B01 /* AppDelegate.swift */,
				7859E1BE25CA1F48001B0B01 /* SceneDelegate.swift */,
				7858576F25CA2D9000C37A9A /* AppComponent.swift */,
				7859E1C025CA1F48001B0B01 /* ViewController.swift */,
				7859E1C225CA1F48001B0B01 /* Main.storyboard */,
				7859E1C525CA1F4A001B0B01 /* Assets.xcassets */,
				7859E1C725CA1F4A001B0B01 /* LaunchScreen.storyboard */,
				7859E1CA25CA1F4A001B0B01 /* Info.plist */,
			);
			path = RIBsSample;
			sourceTree = "<group>";
		};
		C3E15828D0E8DC83412912FA /* Frameworks */ = {
			isa = PBXGroup;
			children = (
				DF2913568FBD69FD48FBD0B5 /* Pods_RIBsSample.framework */,
			);
			name = Frameworks;
			sourceTree = "<group>";
		};
/* End PBXGroup section */

/* Begin PBXNativeTarget section */
		7859E1B825CA1F48001B0B01 /* RIBsSample */ = {
			isa = PBXNativeTarget;
			buildConfigurationList = 7859E1CD25CA1F4A001B0B01 /* Build configuration list for PBXNativeTarget "RIBsSample" */;
			buildPhases = (
				9FE2E37B6B8400D983C30041 /* [CP] Check Pods Manifest.lock */,
				7859E1B525CA1F48001B0B01 /* Sources */,
				7859E1B625CA1F48001B0B01 /* Frameworks */,
				7859E1B725CA1F48001B0B01 /* Resources */,
				428240C43FA8D66D06E09673 /* [CP] Embed Pods Frameworks */,
			);
			buildRules = (
			);
			dependencies = (
			);
			name = RIBsSample;
			productName = RIBsSample;
			productReference = 7859E1B925CA1F48001B0B01 /* RIBsSample.app */;
			productType = "com.apple.product-type.application";
		};
/* End PBXNativeTarget section */

/* Begin PBXProject section */
		7859E1B125CA1F48001B0B01 /* Project object */ = {
			isa = PBXProject;
			attributes = {
				LastSwiftUpdateCheck = 1220;
				LastUpgradeCheck = 1220;
				TargetAttributes = {
					7859E1B825CA1F48001B0B01 = {
						CreatedOnToolsVersion = 12.2;
					};
				};
			};
			buildConfigurationList = 7859E1B425CA1F48001B0B01 /* Build configuration list for PBXProject "RIBsSample" */;
			compatibilityVersion = "Xcode 9.3";
			developmentRegion = en;
			hasScannedForEncodings = 0;
			knownRegions = (
				en,
				Base,
			);
			mainGroup = 7859E1B025CA1F48001B0B01;
			productRefGroup = 7859E1BA25CA1F48001B0B01 /* Products */;
			projectDirPath = "";
			projectRoot = "";
			targets = (
				7859E1B825CA1F48001B0B01 /* RIBsSample */,
			);
		};
/* End PBXProject section */

/* Begin PBXResourcesBuildPhase section */
		7859E1B725CA1F48001B0B01 /* Resources */ = {
			isa = PBXResourcesBuildPhase;
			buildActionMask = 2147483647;
			files = (
				7858577E25CA34E400C37A9A /* LoggedInViewController.storyboard in Resources */,
				7859E1C925CA1F4A001B0B01 /* LaunchScreen.storyboard in Resources */,
				7859E1C625CA1F4A001B0B01 /* Assets.xcassets in Resources */,
				7859E1C425CA1F48001B0B01 /* Main.storyboard in Resources */,
				7858578925CA34F100C37A9A /* LoggedOutViewController.storyboard in Resources */,
			);
			runOnlyForDeploymentPostprocessing = 0;
		};
/* End PBXResourcesBuildPhase section */

/* Begin PBXShellScriptBuildPhase section */
		428240C43FA8D66D06E09673 /* [CP] Embed Pods Frameworks */ = {
			isa = PBXShellScriptBuildPhase;
			buildActionMask = 2147483647;
			files = (
			);
			inputFileListPaths = (
				"${PODS_ROOT}/Target Support Files/Pods-RIBsSample/Pods-RIBsSample-frameworks-${CONFIGURATION}-input-files.xcfilelist",
			);
			name = "[CP] Embed Pods Frameworks";
			outputFileListPaths = (
				"${PODS_ROOT}/Target Support Files/Pods-RIBsSample/Pods-RIBsSample-frameworks-${CONFIGURATION}-output-files.xcfilelist",
			);
			runOnlyForDeploymentPostprocessing = 0;
			shellPath = /bin/sh;
			shellScript = "\"${PODS_ROOT}/Target Support Files/Pods-RIBsSample/Pods-RIBsSample-frameworks.sh\"\n";
			showEnvVarsInLog = 0;
		};
		9FE2E37B6B8400D983C30041 /* [CP] Check Pods Manifest.lock */ = {
			isa = PBXShellScriptBuildPhase;
			buildActionMask = 2147483647;
			files = (
			);
			inputFileListPaths = (
			);
			inputPaths = (
				"${PODS_PODFILE_DIR_PATH}/Podfile.lock",
				"${PODS_ROOT}/Manifest.lock",
			);
			name = "[CP] Check Pods Manifest.lock";
			outputFileListPaths = (
			);
			outputPaths = (
				"$(DERIVED_FILE_DIR)/Pods-RIBsSample-checkManifestLockResult.txt",
			);
			runOnlyForDeploymentPostprocessing = 0;
			shellPath = /bin/sh;
			shellScript = "diff \"${PODS_PODFILE_DIR_PATH}/Podfile.lock\" \"${PODS_ROOT}/Manifest.lock\" > /dev/null\nif [ $? != 0 ] ; then\n    # print error to STDERR\n    echo \"error: The sandbox is not in sync with the Podfile.lock. Run 'pod install' or update your CocoaPods installation.\" >&2\n    exit 1\nfi\n# This output is used by Xcode 'outputs' to avoid re-running this script phase.\necho \"SUCCESS\" > \"${SCRIPT_OUTPUT_FILE_0}\"\n";
			showEnvVarsInLog = 0;
		};
/* End PBXShellScriptBuildPhase section */

/* Begin PBXSourcesBuildPhase section */
		7859E1B525CA1F48001B0B01 /* Sources */ = {
			isa = PBXSourcesBuildPhase;
			buildActionMask = 2147483647;
			files = (
				7858578825CA34F100C37A9A /* LoggedOutRouter.swift in Sources */,
				7858576825CA2BB700C37A9A /* RootViewController.swift in Sources */,
				7858578B25CA34F100C37A9A /* LoggedOutBuilder.swift in Sources */,
				7858577F25CA34E400C37A9A /* LoggedInViewController.swift in Sources */,
				7858577025CA2D9000C37A9A /* AppComponent.swift in Sources */,
				7858576725CA2BB700C37A9A /* RootRouter.swift in Sources */,
				7858578A25CA34F100C37A9A /* LoggedOutViewController.swift in Sources */,
				7858576A25CA2BB700C37A9A /* RootInteractor.swift in Sources */,
				7859E1C125CA1F48001B0B01 /* ViewController.swift in Sources */,
				7858578C25CA34F100C37A9A /* LoggedOutInteractor.swift in Sources */,
				7859E1BD25CA1F48001B0B01 /* AppDelegate.swift in Sources */,
				7858578125CA34E400C37A9A /* LoggedInInteractor.swift in Sources */,
				7859E1BF25CA1F48001B0B01 /* SceneDelegate.swift in Sources */,
				7858577D25CA34E400C37A9A /* LoggedInRouter.swift in Sources */,
				7858578025CA34E400C37A9A /* LoggedInBuilder.swift in Sources */,
				7858576925CA2BB700C37A9A /* RootBuilder.swift in Sources */,
			);
			runOnlyForDeploymentPostprocessing = 0;
		};
/* End PBXSourcesBuildPhase section */

/* Begin PBXVariantGroup section */
		7859E1C225CA1F48001B0B01 /* Main.storyboard */ = {
			isa = PBXVariantGroup;
			children = (
				7859E1C325CA1F48001B0B01 /* Base */,
			);
			name = Main.storyboard;
			sourceTree = "<group>";
		};
		7859E1C725CA1F4A001B0B01 /* LaunchScreen.storyboard */ = {
			isa = PBXVariantGroup;
			children = (
				7859E1C825CA1F4A001B0B01 /* Base */,
			);
			name = LaunchScreen.storyboard;
			sourceTree = "<group>";
		};
/* End PBXVariantGroup section */

/* Begin XCBuildConfiguration section */
		7859E1CB25CA1F4A001B0B01 /* Debug */ = {
			isa = XCBuildConfiguration;
			buildSettings = {
				ALWAYS_SEARCH_USER_PATHS = NO;
				CLANG_ANALYZER_NONNULL = YES;
				CLANG_ANALYZER_NUMBER_OBJECT_CONVERSION = YES_AGGRESSIVE;
				CLANG_CXX_LANGUAGE_STANDARD = "gnu++14";
				CLANG_CXX_LIBRARY = "libc++";
				CLANG_ENABLE_MODULES = YES;
				CLANG_ENABLE_OBJC_ARC = YES;
				CLANG_ENABLE_OBJC_WEAK = YES;
				CLANG_WARN_BLOCK_CAPTURE_AUTORELEASING = YES;
				CLANG_WARN_BOOL_CONVERSION = YES;
				CLANG_WARN_COMMA = YES;
				CLANG_WARN_CONSTANT_CONVERSION = YES;
				CLANG_WARN_DEPRECATED_OBJC_IMPLEMENTATIONS = YES;
				CLANG_WARN_DIRECT_OBJC_ISA_USAGE = YES_ERROR;
				CLANG_WARN_DOCUMENTATION_COMMENTS = YES;
				CLANG_WARN_EMPTY_BODY = YES;
				CLANG_WARN_ENUM_CONVERSION = YES;
				CLANG_WARN_INFINITE_RECURSION = YES;
				CLANG_WARN_INT_CONVERSION = YES;
				CLANG_WARN_NON_LITERAL_NULL_CONVERSION = YES;
				CLANG_WARN_OBJC_IMPLICIT_RETAIN_SELF = YES;
				CLANG_WARN_OBJC_LITERAL_CONVERSION = YES;
				CLANG_WARN_OBJC_ROOT_CLASS = YES_ERROR;
				CLANG_WARN_QUOTED_INCLUDE_IN_FRAMEWORK_HEADER = YES;
				CLANG_WARN_RANGE_LOOP_ANALYSIS = YES;
				CLANG_WARN_STRICT_PROTOTYPES = YES;
				CLANG_WARN_SUSPICIOUS_MOVE = YES;
				CLANG_WARN_UNGUARDED_AVAILABILITY = YES_AGGRESSIVE;
				CLANG_WARN_UNREACHABLE_CODE = YES;
				CLANG_WARN__DUPLICATE_METHOD_MATCH = YES;
				COPY_PHASE_STRIP = NO;
				DEBUG_INFORMATION_FORMAT = dwarf;
				ENABLE_STRICT_OBJC_MSGSEND = YES;
				ENABLE_TESTABILITY = YES;
				GCC_C_LANGUAGE_STANDARD = gnu11;
				GCC_DYNAMIC_NO_PIC = NO;
				GCC_NO_COMMON_BLOCKS = YES;
				GCC_OPTIMIZATION_LEVEL = 0;
				GCC_PREPROCESSOR_DEFINITIONS = (
					"DEBUG=1",
					"$(inherited)",
				);
				GCC_WARN_64_TO_32_BIT_CONVERSION = YES;
				GCC_WARN_ABOUT_RETURN_TYPE = YES_ERROR;
				GCC_WARN_UNDECLARED_SELECTOR = YES;
				GCC_WARN_UNINITIALIZED_AUTOS = YES_AGGRESSIVE;
				GCC_WARN_UNUSED_FUNCTION = YES;
				GCC_WARN_UNUSED_VARIABLE = YES;
				IPHONEOS_DEPLOYMENT_TARGET = 14.2;
				MTL_ENABLE_DEBUG_INFO = INCLUDE_SOURCE;
				MTL_FAST_MATH = YES;
				ONLY_ACTIVE_ARCH = YES;
				SDKROOT = iphoneos;
				SWIFT_ACTIVE_COMPILATION_CONDITIONS = DEBUG;
				SWIFT_OPTIMIZATION_LEVEL = "-Onone";
			};
			name = Debug;
		};
		7859E1CC25CA1F4A001B0B01 /* Release */ = {
			isa = XCBuildConfiguration;
			buildSettings = {
				ALWAYS_SEARCH_USER_PATHS = NO;
				CLANG_ANALYZER_NONNULL = YES;
				CLANG_ANALYZER_NUMBER_OBJECT_CONVERSION = YES_AGGRESSIVE;
				CLANG_CXX_LANGUAGE_STANDARD = "gnu++14";
				CLANG_CXX_LIBRARY = "libc++";
				CLANG_ENABLE_MODULES = YES;
				CLANG_ENABLE_OBJC_ARC = YES;
				CLANG_ENABLE_OBJC_WEAK = YES;
				CLANG_WARN_BLOCK_CAPTURE_AUTORELEASING = YES;
				CLANG_WARN_BOOL_CONVERSION = YES;
				CLANG_WARN_COMMA = YES;
				CLANG_WARN_CONSTANT_CONVERSION = YES;
				CLANG_WARN_DEPRECATED_OBJC_IMPLEMENTATIONS = YES;
				CLANG_WARN_DIRECT_OBJC_ISA_USAGE = YES_ERROR;
				CLANG_WARN_DOCUMENTATION_COMMENTS = YES;
				CLANG_WARN_EMPTY_BODY = YES;
				CLANG_WARN_ENUM_CONVERSION = YES;
				CLANG_WARN_INFINITE_RECURSION = YES;
				CLANG_WARN_INT_CONVERSION = YES;
				CLANG_WARN_NON_LITERAL_NULL_CONVERSION = YES;
				CLANG_WARN_OBJC_IMPLICIT_RETAIN_SELF = YES;
				CLANG_WARN_OBJC_LITERAL_CONVERSION = YES;
				CLANG_WARN_OBJC_ROOT_CLASS = YES_ERROR;
				CLANG_WARN_QUOTED_INCLUDE_IN_FRAMEWORK_HEADER = YES;
				CLANG_WARN_RANGE_LOOP_ANALYSIS = YES;
				CLANG_WARN_STRICT_PROTOTYPES = YES;
				CLANG_WARN_SUSPICIOUS_MOVE = YES;
				CLANG_WARN_UNGUARDED_AVAILABILITY = YES_AGGRESSIVE;
				CLANG_WARN_UNREACHABLE_CODE = YES;
				CLANG_WARN__DUPLICATE_METHOD_MATCH = YES;
				COPY_PHASE_STRIP = NO;
				DEBUG_INFORMATION_FORMAT = "dwarf-with-dsym";
				ENABLE_NS_ASSERTIONS = NO;
				ENABLE_STRICT_OBJC_MSGSEND = YES;
				GCC_C_LANGUAGE_STANDARD = gnu11;
				GCC_NO_COMMON_BLOCKS = YES;
				GCC_WARN_64_TO_32_BIT_CONVERSION = YES;
				GCC_WARN_ABOUT_RETURN_TYPE = YES_ERROR;
				GCC_WARN_UNDECLARED_SELECTOR = YES;
				GCC_WARN_UNINITIALIZED_AUTOS = YES_AGGRESSIVE;
				GCC_WARN_UNUSED_FUNCTION = YES;
				GCC_WARN_UNUSED_VARIABLE = YES;
				IPHONEOS_DEPLOYMENT_TARGET = 14.2;
				MTL_ENABLE_DEBUG_INFO = NO;
				MTL_FAST_MATH = YES;
				SDKROOT = iphoneos;
				SWIFT_COMPILATION_MODE = wholemodule;
				SWIFT_OPTIMIZATION_LEVEL = "-O";
				VALIDATE_PRODUCT = YES;
			};
			name = Release;
		};
		7859E1CE25CA1F4A001B0B01 /* Debug */ = {
			isa = XCBuildConfiguration;
			baseConfigurationReference = DCBDACE5B2A25B31FF35D557 /* Pods-RIBsSample.debug.xcconfig */;
			buildSettings = {
				ASSETCATALOG_COMPILER_APPICON_NAME = AppIcon;
				ASSETCATALOG_COMPILER_GLOBAL_ACCENT_COLOR_NAME = AccentColor;
				CODE_SIGN_STYLE = Automatic;
				DEVELOPMENT_TEAM = P4ZJYAK634;
				INFOPLIST_FILE = RIBsSample/Info.plist;
				LD_RUNPATH_SEARCH_PATHS = (
					"$(inherited)",
					"@executable_path/Frameworks",
				);
				PRODUCT_BUNDLE_IDENTIFIER = com.hanwe.RIBsSample;
				PRODUCT_NAME = "$(TARGET_NAME)";
				SWIFT_VERSION = 5.0;
				TARGETED_DEVICE_FAMILY = "1,2";
			};
			name = Debug;
		};
		7859E1CF25CA1F4A001B0B01 /* Release */ = {
			isa = XCBuildConfiguration;
			baseConfigurationReference = 00F88C3DA252A791C96D3119 /* Pods-RIBsSample.release.xcconfig */;
			buildSettings = {
				ASSETCATALOG_COMPILER_APPICON_NAME = AppIcon;
				ASSETCATALOG_COMPILER_GLOBAL_ACCENT_COLOR_NAME = AccentColor;
				CODE_SIGN_STYLE = Automatic;
				DEVELOPMENT_TEAM = P4ZJYAK634;
				INFOPLIST_FILE = RIBsSample/Info.plist;
				LD_RUNPATH_SEARCH_PATHS = (
					"$(inherited)",
					"@executable_path/Frameworks",
				);
				PRODUCT_BUNDLE_IDENTIFIER = com.hanwe.RIBsSample;
				PRODUCT_NAME = "$(TARGET_NAME)";
				SWIFT_VERSION = 5.0;
				TARGETED_DEVICE_FAMILY = "1,2";
			};
			name = Release;
		};
/* End XCBuildConfiguration section */

/* Begin XCConfigurationList section */
		7859E1B425CA1F48001B0B01 /* Build configuration list for PBXProject "RIBsSample" */ = {
			isa = XCConfigurationList;
			buildConfigurations = (
				7859E1CB25CA1F4A001B0B01 /* Debug */,
				7859E1CC25CA1F4A001B0B01 /* Release */,
			);
			defaultConfigurationIsVisible = 0;
			defaultConfigurationName = Release;
		};
		7859E1CD25CA1F4A001B0B01 /* Build configuration list for PBXNativeTarget "RIBsSample" */ = {
			isa = XCConfigurationList;
			buildConfigurations = (
				7859E1CE25CA1F4A001B0B01 /* Debug */,
				7859E1CF25CA1F4A001B0B01 /* Release */,
			);
			defaultConfigurationIsVisible = 0;
			defaultConfigurationName = Release;
		};
/* End XCConfigurationList section */
	};
	rootObject = 7859E1B125CA1F48001B0B01 /* Project object */;
}
